// !$*UTF8*$!
{
	archiveVersion = 1;
	classes = {};
	objectVersion = 56;
	objects = {

/* Begin PBXBuildFile section */
		A10000000000000000000001 /* RunnerApp.swift in Sources */ = {isa = PBXBuildFile; fileRef = A20000000000000000000001 /* RunnerApp.swift */; };
		A10000000000000000000002 /* Interpreter.swift in Sources */ = {isa = PBXBuildFile; fileRef = A20000000000000000000002 /* Interpreter.swift */; };
		A10000000000000000000003 /* SwiftParser in Frameworks */ = {isa = PBXBuildFile; productRef = A90000000000000000000002 /* SwiftParser */; };
		A10000000000000000000004 /* SwiftParserDiagnostics in Frameworks */ = {isa = PBXBuildFile; productRef = A90000000000000000000003 /* SwiftParserDiagnostics */; };
		A10000000000000000000005 /* SwiftSyntax in Frameworks */ = {isa = PBXBuildFile; productRef = A90000000000000000000004 /* SwiftSyntax */; };
		A10000000000000000000006 /* SwiftFileRunnerUITests.swift in Sources */ = {isa = PBXBuildFile; fileRef = A20000000000000000000004 /* SwiftFileRunnerUITests.swift */; };
/* End PBXBuildFile section */

/* Begin PBXFileReference section */
		A20000000000000000000001 /* RunnerApp.swift */ = {isa = PBXFileReference; lastKnownFileType = sourcecode.swift; path = RunnerApp.swift; sourceTree = "<group>"; };
		A20000000000000000000002 /* Interpreter.swift */ = {isa = PBXFileReference; lastKnownFileType = sourcecode.swift; path = Interpreter.swift; sourceTree = "<group>"; };
		A20000000000000000000003 /* SwiftFileRunner.app */ = {isa = PBXFileReference; explicitFileType = wrapper.application; includeInIndex = 0; path = SwiftFileRunner.app; sourceTree = BUILT_PRODUCTS_DIR; };
		A20000000000000000000004 /* SwiftFileRunnerUITests.swift */ = {isa = PBXFileReference; lastKnownFileType = sourcecode.swift; path = SwiftFileRunnerUITests.swift; sourceTree = "<group>"; };
		A20000000000000000000005 /* SwiftFileRunnerUITests.xctest */ = {isa = PBXFileReference; explicitFileType = wrapper.cfbundle; includeInIndex = 0; path = SwiftFileRunnerUITests.xctest; sourceTree = BUILT_PRODUCTS_DIR; };
/* End PBXFileReference section */

/* Begin PBXFrameworksBuildPhase section */
		A30000000000000000000001 /* Frameworks */ = {isa = PBXFrameworksBuildPhase; buildActionMask = 2147483647; files = (A10000000000000000000003 /* SwiftParser in Frameworks */, A10000000000000000000004 /* SwiftParserDiagnostics in Frameworks */, A10000000000000000000005 /* SwiftSyntax in Frameworks */, ); runOnlyForDeploymentPostprocessing = 0; };
		A30000000000000000000004 /* Frameworks */ = {isa = PBXFrameworksBuildPhase; buildActionMask = 2147483647; files = (); runOnlyForDeploymentPostprocessing = 0; };
/* End PBXFrameworksBuildPhase section */

/* Begin PBXGroup section */
		A40000000000000000000001 = {isa = PBXGroup; children = (A40000000000000000000002 /* SwiftFileRunner */, A40000000000000000000004 /* SwiftFileRunnerUITests */, A40000000000000000000003 /* Products */, ); sourceTree = "<group>"; };
		A40000000000000000000002 /* SwiftFileRunner */ = {isa = PBXGroup; path = SwiftFileRunner; sourceTree = "<group>"; children = (A20000000000000000000001 /* RunnerApp.swift */, A20000000000000000000002 /* Interpreter.swift */, ); };
		A40000000000000000000003 /* Products */ = {isa = PBXGroup; name = Products; children = (A20000000000000000000003 /* SwiftFileRunner.app */, A20000000000000000000005 /* SwiftFileRunnerUITests.xctest */, ); sourceTree = "<group>"; };
		A40000000000000000000004 /* SwiftFileRunnerUITests */ = {isa = PBXGroup; path = SwiftFileRunnerUITests; sourceTree = "<group>"; children = (A20000000000000000000004 /* SwiftFileRunnerUITests.swift */, ); };
/* End PBXGroup section */

/* Begin PBXNativeTarget section */
		A50000000000000000000001 /* SwiftFileRunner */ = {isa = PBXNativeTarget; buildConfigurationList = A80000000000000000000002 /* Build configuration list for PBXNativeTarget "SwiftFileRunner" */; buildPhases = (A30000000000000000000002 /* Sources */, A30000000000000000000001 /* Frameworks */, A30000000000000000000003 /* Resources */, ); buildRules = (); dependencies = (); name = SwiftFileRunner; packageProductDependencies = (A90000000000000000000002 /* SwiftParser */, A90000000000000000000003 /* SwiftParserDiagnostics */, A90000000000000000000004 /* SwiftSyntax */, ); productName = SwiftFileRunner; productReference = A20000000000000000000003 /* SwiftFileRunner.app */; productType = "com.apple.product-type.application"; };
		A80000000000000000000003 /* Build configuration list for PBXNativeTarget SwiftFileRunnerUITests */ = {isa = XCConfigurationList; buildConfigurations = (A70000000000000000000005 /* Debug */, A70000000000000000000006 /* Release */, ); defaultConfigurationIsVisible = 0; defaultConfigurationName = Release; };
		A50000000000000000000002 /* SwiftFileRunnerUITests */ = {isa = PBXNativeTarget; buildConfigurationList = A80000000000000000000003 /* Build configuration list for PBXNativeTarget SwiftFileRunnerUITests */; buildPhases = (A30000000000000000000005 /* Sources */, A30000000000000000000004 /* Frameworks */, A30000000000000000000006 /* Resources */, ); buildRules = (); dependencies = (A50000000000000000000003 /* PBXTargetDependency */, ); name = SwiftFileRunnerUITests; productName = SwiftFileRunnerUITests; productReference = A20000000000000000000005 /* SwiftFileRunnerUITests.xctest */; productType = "com.apple.product-type.bundle.ui-testing"; };
/* End PBXNativeTarget section */

/* Begin PBXProject section */
		A60000000000000000000001 /* Project object */ = {isa = PBXProject; attributes = {BuildIndependentTargetsInParallel = YES; LastUpgradeCheck = 1600; TargetAttributes = {A50000000000000000000002 = {CreatedOnToolsVersion = 16.0; TestTargetID = A50000000000000000000001; }; }; }; buildConfigurationList = A80000000000000000000001 /* Build configuration list for PBXProject "SwiftFileRunner" */; compatibilityVersion = "Xcode 14.0"; developmentRegion = en; hasScannedForEncodings = 0; knownRegions = (en, Base, ); mainGroup = A40000000000000000000001; packageReferences = (A90000000000000000000001 /* XCRemoteSwiftPackageReference "swift-syntax" */, ); productRefGroup = A40000000000000000000003 /* Products */; projectDirPath = ""; projectRoot = ""; targets = (A50000000000000000000001 /* SwiftFileRunner */, A50000000000000000000002 /* SwiftFileRunnerUITests */, ); };
/* End PBXProject section */

/* Begin PBXResourcesBuildPhase section */
		A30000000000000000000003 /* Resources */ = {isa = PBXResourcesBuildPhase; buildActionMask = 2147483647; files = (); runOnlyForDeploymentPostprocessing = 0; };
		A30000000000000000000005 /* Sources */ = {isa = PBXSourcesBuildPhase; buildActionMask = 2147483647; files = (A10000000000000000000006 /* SwiftFileRunnerUITests.swift in Sources */, ); runOnlyForDeploymentPostprocessing = 0; };
		A30000000000000000000006 /* Resources */ = {isa = PBXResourcesBuildPhase; buildActionMask = 2147483647; files = (); runOnlyForDeploymentPostprocessing = 0; };
/* End PBXResourcesBuildPhase section */

/* Begin PBXSourcesBuildPhase section */
		A30000000000000000000002 /* Sources */ = {isa = PBXSourcesBuildPhase; buildActionMask = 2147483647; files = (A10000000000000000000001 /* RunnerApp.swift in Sources */, A10000000000000000000002 /* Interpreter.swift in Sources */, ); runOnlyForDeploymentPostprocessing = 0; };
/* End PBXSourcesBuildPhase section */

/* Begin XCBuildConfiguration section */
		A70000000000000000000001 /* Debug */ = {isa = XCBuildConfiguration; buildSettings = {ALWAYS_SEARCH_USER_PATHS = NO; CLANG_ENABLE_MODULES = YES; IPHONEOS_DEPLOYMENT_TARGET = 17.0; SDKROOT = iphoneos; SWIFT_VERSION = 5.0; }; name = Debug; };
		A70000000000000000000002 /* Release */ = {isa = XCBuildConfiguration; buildSettings = {ALWAYS_SEARCH_USER_PATHS = NO; CLANG_ENABLE_MODULES = YES; IPHONEOS_DEPLOYMENT_TARGET = 17.0; SDKROOT = iphoneos; SWIFT_VERSION = 5.0; }; name = Release; };
		A70000000000000000000003 /* Debug */ = {isa = XCBuildConfiguration; buildSettings = {CODE_SIGN_STYLE = Automatic; GENERATE_INFOPLIST_FILE = YES; INFOPLIST_KEY_CFBundleDisplayName = "Swift File Runner"; INFOPLIST_KEY_LSApplicationCategoryType = "public.app-category.developer-tools"; INFOPLIST_KEY_UILaunchScreen_Generation = YES; PRODUCT_BUNDLE_IDENTIFIER = com.nightvibes.swiftfilerunner; PRODUCT_NAME = "$(TARGET_NAME)"; TARGETED_DEVICE_FAMILY = "1,2"; }; name = Debug; };
		A70000000000000000000004 /* Release */ = {isa = XCBuildConfiguration; buildSettings = {CODE_SIGN_STYLE = Automatic; GENERATE_INFOPLIST_FILE = YES; INFOPLIST_KEY_CFBundleDisplayName = "Swift File Runner"; INFOPLIST_KEY_LSApplicationCategoryType = "public.app-category.developer-tools"; INFOPLIST_KEY_UILaunchScreen_Generation = YES; PRODUCT_BUNDLE_IDENTIFIER = com.nightvibes.swiftfilerunner; PRODUCT_NAME = "$(TARGET_NAME)"; TARGETED_DEVICE_FAMILY = "1,2"; }; name = Release; };
		A70000000000000000000005 /* Debug */ = {isa = XCBuildConfiguration; buildSettings = {CODE_SIGN_STYLE = Automatic; GENERATE_INFOPLIST_FILE = YES; IPHONEOS_DEPLOYMENT_TARGET = 17.0; PRODUCT_BUNDLE_IDENTIFIER = com.nightvibes.swiftfilerunner.uitests; PRODUCT_NAME = "$(TARGET_NAME)"; SDKROOT = iphoneos; SWIFT_VERSION = 5.0; TARGETED_DEVICE_FAMILY = "1,2"; TEST_TARGET_NAME = SwiftFileRunner; }; name = Debug; };
		A70000000000000000000006 /* Release */ = {isa = XCBuildConfiguration; buildSettings = {CODE_SIGN_STYLE = Automatic; GENERATE_INFOPLIST_FILE = YES; IPHONEOS_DEPLOYMENT_TARGET = 17.0; PRODUCT_BUNDLE_IDENTIFIER = com.nightvibes.swiftfilerunner.uitests; PRODUCT_NAME = "$(TARGET_NAME)"; SDKROOT = iphoneos; SWIFT_VERSION = 5.0; TARGETED_DEVICE_FAMILY = "1,2"; TEST_TARGET_NAME = SwiftFileRunner; }; name = Release; };
/* End XCBuildConfiguration section */

/* Begin XCConfigurationList section */
		A80000000000000000000001 /* Build configuration list for PBXProject "SwiftFileRunner" */ = {isa = XCConfigurationList; buildConfigurations = (A70000000000000000000001 /* Debug */, A70000000000000000000002 /* Release */, ); defaultConfigurationIsVisible = 0; defaultConfigurationName = Release; };
		A80000000000000000000002 /* Build configuration list for PBXNativeTarget "SwiftFileRunner" */ = {isa = XCConfigurationList; buildConfigurations = (A70000000000000000000003 /* Debug */, A70000000000000000000004 /* Release */, ); defaultConfigurationIsVisible = 0; defaultConfigurationName = Release; };
		A90000000000000000000001 /* XCRemoteSwiftPackageReference "swift-syntax" */ = {isa = XCRemoteSwiftPackageReference; repositoryURL = "https://github.com/swiftlang/swift-syntax.git"; requirement = {kind = exactVersion; version = 603.0.1; }; };
		A90000000000000000000002 /* SwiftParser */ = {isa = XCSwiftPackageProductDependency; package = A90000000000000000000001 /* XCRemoteSwiftPackageReference "swift-syntax" */; productName = SwiftParser; };
		A90000000000000000000003 /* SwiftParserDiagnostics */ = {isa = XCSwiftPackageProductDependency; package = A90000000000000000000001 /* XCRemoteSwiftPackageReference "swift-syntax" */; productName = SwiftParserDiagnostics; };
		A90000000000000000000004 /* SwiftSyntax */ = {isa = XCSwiftPackageProductDependency; package = A90000000000000000000001 /* XCRemoteSwiftPackageReference "swift-syntax" */; productName = SwiftSyntax; };
		A50000000000000000000003 /* PBXTargetDependency */ = {isa = PBXTargetDependency; target = A50000000000000000000001 /* SwiftFileRunner */; targetProxy = A50000000000000000000004 /* PBXContainerItemProxy */; };
		A50000000000000000000004 /* PBXContainerItemProxy */ = {isa = PBXContainerItemProxy; containerPortal = A60000000000000000000001 /* Project object */; proxyType = 1; remoteGlobalIDString = A50000000000000000000001; remoteInfo = SwiftFileRunner; };
/* End XCConfigurationList section */
	};
	rootObject = A60000000000000000000001 /* Project object */;
}
