// !$*UTF8*$!
{
	archiveVersion = 1;
	classes = {
	};
	objectVersion = 77;
	objects = {

/* Begin PBXBuildFile section */
		MSPLATBUILDFILE /* Msplat in Frameworks */ = {isa = PBXBuildFile; productRef = MSPLATPRODUCT /* Msplat */; };
		METALSPLATBUILDFILE /* MetalSplatter in Frameworks */ = {isa = PBXBuildFile; productRef = METALSPLATPRODUCT /* MetalSplatter */; };
		SPLATIOBUILDFILE /* SplatIO in Frameworks */ = {isa = PBXBuildFile; productRef = SPLATIOPRODUCT /* SplatIO */; };
/* End PBXBuildFile section */


/* Begin PBXContainerItemProxy section */
		TESTPROXY /* PBXContainerItemProxy */ = {
			isa = PBXContainerItemProxy;
			containerPortal = PROJECTOBJ /* Project object */;
			proxyType = 1;
			remoteGlobalIDString = APPTARGET;
			remoteInfo = ScanAnything;
		};
/* End PBXContainerItemProxy section */

/* Begin PBXFileReference section */
		PRODUCTAPPREF /* ScanAnything.app */ = {isa = PBXFileReference; explicitFileType = wrapper.application; includeInIndex = 0; path = ScanAnything.app; sourceTree = BUILT_PRODUCTS_DIR; };
		TESTPRODUCTREF /* ScanAnythingTests.xctest */ = {isa = PBXFileReference; explicitFileType = wrapper.cfbundle; includeInIndex = 0; path = ScanAnythingTests.xctest; sourceTree = BUILT_PRODUCTS_DIR; };
/* End PBXFileReference section */

/* Begin PBXFileSystemSynchronizedRootGroup section */
		SYNCROOTGROUP /* ScanAnything */ = {
			isa = PBXFileSystemSynchronizedRootGroup;
			path = ScanAnything;
			sourceTree = "<group>";
		};
		TESTSYNCROOT /* ScanAnythingTests */ = {
			isa = PBXFileSystemSynchronizedRootGroup;
			path = ScanAnythingTests;
			sourceTree = "<group>";
		};
/* End PBXFileSystemSynchronizedRootGroup section */

/* Begin PBXFrameworksBuildPhase section */
		FRAMEWORKSPHASE /* Frameworks */ = {
			isa = PBXFrameworksBuildPhase;
			buildActionMask = 2147483647;
			files = (
				MSPLATBUILDFILE /* Msplat in Frameworks */,
				METALSPLATBUILDFILE /* MetalSplatter in Frameworks */,
				SPLATIOBUILDFILE /* SplatIO in Frameworks */,
			);
			runOnlyForDeploymentPostprocessing = 0;
		};
		TESTFRAMEWORKSPHASE /* Frameworks */ = {
			isa = PBXFrameworksBuildPhase;
			buildActionMask = 2147483647;
			files = (
			);
			runOnlyForDeploymentPostprocessing = 0;
		};
/* End PBXFrameworksBuildPhase section */

/* Begin PBXGroup section */
		MAINGROUP = {
			isa = PBXGroup;
			children = (
				SYNCROOTGROUP /* ScanAnything */,
				TESTSYNCROOT /* ScanAnythingTests */,
				PRODUCTSGROUP /* Products */,
			);
			sourceTree = "<group>";
		};
		PRODUCTSGROUP /* Products */ = {
			isa = PBXGroup;
			children = (
				PRODUCTAPPREF /* ScanAnything.app */,
				TESTPRODUCTREF /* ScanAnythingTests.xctest */,
			);
			name = Products;
			sourceTree = "<group>";
		};
/* End PBXGroup section */

/* Begin PBXNativeTarget section */
		APPTARGET /* ScanAnything */ = {
			isa = PBXNativeTarget;
			buildConfigurationList = TGTCONFIGLIST /* Build configuration list for PBXNativeTarget "ScanAnything" */;
			buildPhases = (
				SOURCESPHASE /* Sources */,
				FRAMEWORKSPHASE /* Frameworks */,
				RESOURCESPHASE /* Resources */,
			);
			buildRules = (
			);
			dependencies = (
			);
			fileSystemSynchronizedGroups = (
				SYNCROOTGROUP /* ScanAnything */,
			);
			name = ScanAnything;
			packageProductDependencies = (
				MSPLATPRODUCT /* Msplat */,
				METALSPLATPRODUCT /* MetalSplatter */,
				SPLATIOPRODUCT /* SplatIO */,
			);
			productName = ScanAnything;
			productReference = PRODUCTAPPREF /* ScanAnything.app */;
			productType = "com.apple.product-type.application";
		};
		TESTTARGET /* ScanAnythingTests */ = {
			isa = PBXNativeTarget;
			buildConfigurationList = TESTCONFIGLIST /* Build configuration list for PBXNativeTarget "ScanAnythingTests" */;
			buildPhases = (
				TESTSOURCESPHASE /* Sources */,
				TESTFRAMEWORKSPHASE /* Frameworks */,
				TESTRESOURCESPHASE /* Resources */,
			);
			buildRules = (
			);
			dependencies = (
				TESTDEPENDENCY /* PBXTargetDependency */,
			);
			fileSystemSynchronizedGroups = (
				TESTSYNCROOT /* ScanAnythingTests */,
			);
			name = ScanAnythingTests;
			packageProductDependencies = (
			);
			productName = ScanAnythingTests;
			productReference = TESTPRODUCTREF /* ScanAnythingTests.xctest */;
			productType = "com.apple.product-type.bundle.unit-test";
		};
/* End PBXNativeTarget section */

/* Begin PBXProject section */
		PROJECTOBJ /* Project object */ = {
			isa = PBXProject;
			attributes = {
				BuildIndependentTargetsInParallel = 1;
				LastSwiftUpdateCheck = 2660;
				LastUpgradeCheck = 2660;
				TargetAttributes = {
					APPTARGET = {
						CreatedOnToolsVersion = 26.6;
					};
					TESTTARGET = {
						CreatedOnToolsVersion = 27.0;
					};
				};
			};
			buildConfigurationList = PRJCONFIGLIST /* Build configuration list for PBXProject "ScanAnything" */;
			developmentRegion = en;
			hasScannedForEncodings = 0;
			knownRegions = (
				en,
				tr,
				Base,
			);
			mainGroup = MAINGROUP;
			minimizedProjectReferenceProxies = 1;
			preferredProjectObjectVersion = 77;
			packageReferences = (
				MSPLATPACKAGE /* XCLocalSwiftPackageReference "msplat" */,
				METALSPLATPACKAGE /* XCRemoteSwiftPackageReference "MetalSplatter" */,
			);
			productRefGroup = PRODUCTSGROUP /* Products */;
			projectDirPath = "";
			projectRoot = "";
			targets = (
				APPTARGET /* ScanAnything */,
				TESTTARGET /* ScanAnythingTests */,
			);
		};
/* End PBXProject section */

/* Begin PBXResourcesBuildPhase section */
		RESOURCESPHASE /* Resources */ = {
			isa = PBXResourcesBuildPhase;
			buildActionMask = 2147483647;
			files = (
			);
			runOnlyForDeploymentPostprocessing = 0;
		};
		TESTRESOURCESPHASE /* Resources */ = {
			isa = PBXResourcesBuildPhase;
			buildActionMask = 2147483647;
			files = (
			);
			runOnlyForDeploymentPostprocessing = 0;
		};
/* End PBXResourcesBuildPhase section */

/* Begin PBXSourcesBuildPhase section */
		SOURCESPHASE /* Sources */ = {
			isa = PBXSourcesBuildPhase;
			buildActionMask = 2147483647;
			files = (
			);
			runOnlyForDeploymentPostprocessing = 0;
		};
		TESTSOURCESPHASE /* Sources */ = {
			isa = PBXSourcesBuildPhase;
			buildActionMask = 2147483647;
			files = (
			);
			runOnlyForDeploymentPostprocessing = 0;
		};
/* End PBXSourcesBuildPhase section */

/* Begin PBXTargetDependency section */
		TESTDEPENDENCY /* PBXTargetDependency */ = {
			isa = PBXTargetDependency;
			target = APPTARGET /* ScanAnything */;
			targetProxy = TESTPROXY /* PBXContainerItemProxy */;
		};
/* End PBXTargetDependency section */

/* Begin XCLocalSwiftPackageReference section */
		MSPLATPACKAGE /* XCLocalSwiftPackageReference "msplat" */ = {
			isa = XCLocalSwiftPackageReference;
			relativePath = Vendor/msplat/swift;
		};
/* End XCLocalSwiftPackageReference section */

/* Begin XCRemoteSwiftPackageReference section */
		METALSPLATPACKAGE /* XCRemoteSwiftPackageReference "MetalSplatter" */ = {
			isa = XCRemoteSwiftPackageReference;
			repositoryURL = "https://github.com/scier/MetalSplatter.git";
			requirement = {
				kind = upToNextMajorVersion;
				minimumVersion = 1.0.1;
			};
		};
/* End XCRemoteSwiftPackageReference section */

/* Begin XCSwiftPackageProductDependency section */
		MSPLATPRODUCT /* Msplat */ = {
			isa = XCSwiftPackageProductDependency;
			package = MSPLATPACKAGE /* XCLocalSwiftPackageReference "msplat" */;
			productName = Msplat;
		};
		METALSPLATPRODUCT /* MetalSplatter */ = {
			isa = XCSwiftPackageProductDependency;
			package = METALSPLATPACKAGE /* XCRemoteSwiftPackageReference "MetalSplatter" */;
			productName = MetalSplatter;
		};
		SPLATIOPRODUCT /* SplatIO */ = {
			isa = XCSwiftPackageProductDependency;
			package = METALSPLATPACKAGE /* XCRemoteSwiftPackageReference "MetalSplatter" */;
			productName = SplatIO;
		};
/* End XCSwiftPackageProductDependency section */

/* Begin XCBuildConfiguration section */
		PRJDEBUG /* Debug */ = {
			isa = XCBuildConfiguration;
			buildSettings = {
				ALWAYS_SEARCH_USER_PATHS = NO;
				ASSETCATALOG_COMPILER_GENERATE_SWIFT_ASSET_SYMBOL_EXTENSIONS = YES;
				CLANG_ANALYZER_NONNULL = YES;
				CLANG_ANALYZER_NUMBER_OBJECT_CONVERSION = YES_AGGRESSIVE;
				CLANG_ENABLE_MODULES = YES;
				CLANG_ENABLE_OBJC_ARC = YES;
				CLANG_WARN_BOOL_CONVERSION = YES;
				CLANG_WARN_DOCUMENTATION_COMMENTS = YES;
				CLANG_WARN_EMPTY_BODY = YES;
				CLANG_WARN_UNREACHABLE_CODE = YES;
				COPY_PHASE_STRIP = NO;
				DEBUG_INFORMATION_FORMAT = dwarf;
				ENABLE_STRICT_OBJC_MSGSEND = YES;
				ENABLE_TESTABILITY = YES;
				ENABLE_USER_SCRIPT_SANDBOXING = YES;
				GCC_C_LANGUAGE_STANDARD = gnu17;
				GCC_DYNAMIC_NO_PIC = NO;
				GCC_NO_COMMON_BLOCKS = YES;
				GCC_OPTIMIZATION_LEVEL = 0;
				GCC_PREPROCESSOR_DEFINITIONS = (
					"DEBUG=1",
					"$(inherited)",
				);
				GCC_WARN_UNDECLARED_SELECTOR = YES;
				GCC_WARN_UNINITIALIZED_AUTOS = YES_AGGRESSIVE;
				GCC_WARN_UNUSED_FUNCTION = YES;
				GCC_WARN_UNUSED_VARIABLE = YES;
				IPHONEOS_DEPLOYMENT_TARGET = 18.0;
				MTL_ENABLE_DEBUG_INFO = INCLUDE_SOURCE;
				MTL_FAST_MATH = YES;
				ONLY_ACTIVE_ARCH = YES;
				SDKROOT = iphoneos;
				SWIFT_ACTIVE_COMPILATION_CONDITIONS = "DEBUG $(inherited)";
				SWIFT_OPTIMIZATION_LEVEL = "-Onone";
			};
			name = Debug;
		};
		PRJRELEASE /* Release */ = {
			isa = XCBuildConfiguration;
			buildSettings = {
				ALWAYS_SEARCH_USER_PATHS = NO;
				ASSETCATALOG_COMPILER_GENERATE_SWIFT_ASSET_SYMBOL_EXTENSIONS = YES;
				CLANG_ANALYZER_NONNULL = YES;
				CLANG_ANALYZER_NUMBER_OBJECT_CONVERSION = YES_AGGRESSIVE;
				CLANG_ENABLE_MODULES = YES;
				CLANG_ENABLE_OBJC_ARC = YES;
				CLANG_WARN_BOOL_CONVERSION = YES;
				CLANG_WARN_DOCUMENTATION_COMMENTS = YES;
				CLANG_WARN_EMPTY_BODY = YES;
				CLANG_WARN_UNREACHABLE_CODE = YES;
				COPY_PHASE_STRIP = NO;
				DEBUG_INFORMATION_FORMAT = "dwarf-with-dsym";
				ENABLE_NS_ASSERTIONS = NO;
				ENABLE_STRICT_OBJC_MSGSEND = YES;
				ENABLE_USER_SCRIPT_SANDBOXING = YES;
				GCC_C_LANGUAGE_STANDARD = gnu17;
				GCC_NO_COMMON_BLOCKS = YES;
				GCC_WARN_UNDECLARED_SELECTOR = YES;
				GCC_WARN_UNINITIALIZED_AUTOS = YES_AGGRESSIVE;
				GCC_WARN_UNUSED_FUNCTION = YES;
				GCC_WARN_UNUSED_VARIABLE = YES;
				IPHONEOS_DEPLOYMENT_TARGET = 18.0;
				MTL_ENABLE_DEBUG_INFO = NO;
				MTL_FAST_MATH = YES;
				SDKROOT = iphoneos;
				SWIFT_COMPILATION_MODE = wholemodule;
				VALIDATE_PRODUCT = YES;
			};
			name = Release;
		};
		TGTDEBUG /* Debug */ = {
			isa = XCBuildConfiguration;
			buildSettings = {
				ASSETCATALOG_COMPILER_APPICON_NAME = AppIcon;
				ASSETCATALOG_COMPILER_GLOBAL_ACCENT_COLOR_NAME = AccentColor;
				CODE_SIGN_STYLE = Automatic;
				CURRENT_PROJECT_VERSION = 1;
				DEVELOPMENT_ASSET_PATHS = "";
				
				ENABLE_PREVIEWS = YES;
				GENERATE_INFOPLIST_FILE = YES;
				INFOPLIST_KEY_CFBundleDisplayName = ScanAnything;
				INFOPLIST_KEY_NSCameraUsageDescription = "ScanAnything uses the camera to capture objects and create 3D models.";
				INFOPLIST_KEY_UIApplicationSceneManifest_Generation = YES;
				INFOPLIST_KEY_UILaunchScreen_Generation = YES;
				INFOPLIST_KEY_UIStatusBarStyle = UIStatusBarStyleLightContent;
				INFOPLIST_KEY_UISupportedInterfaceOrientations = UIInterfaceOrientationPortrait;
				INFOPLIST_KEY_UISupportedInterfaceOrientations_iPad = "UIInterfaceOrientationPortrait UIInterfaceOrientationPortraitUpsideDown UIInterfaceOrientationLandscapeLeft UIInterfaceOrientationLandscapeRight";
				LD_RUNPATH_SEARCH_PATHS = (
					"$(inherited)",
					"@executable_path/Frameworks",
				);
				MARKETING_VERSION = 0.1;
				PRODUCT_BUNDLE_IDENTIFIER = com.nightvibes33.scananything;
				PRODUCT_NAME = "$(TARGET_NAME)";
				SWIFT_EMIT_LOC_STRINGS = YES;
				SWIFT_VERSION = 6.0;
				TARGETED_DEVICE_FAMILY = 1;
			};
			name = Debug;
		};
		TGTRELEASE /* Release */ = {
			isa = XCBuildConfiguration;
			buildSettings = {
				ASSETCATALOG_COMPILER_APPICON_NAME = AppIcon;
				ASSETCATALOG_COMPILER_GLOBAL_ACCENT_COLOR_NAME = AccentColor;
				CODE_SIGN_STYLE = Automatic;
				CURRENT_PROJECT_VERSION = 1;
				DEVELOPMENT_ASSET_PATHS = "";
				
				ENABLE_PREVIEWS = YES;
				GENERATE_INFOPLIST_FILE = YES;
				INFOPLIST_KEY_CFBundleDisplayName = ScanAnything;
				INFOPLIST_KEY_NSCameraUsageDescription = "ScanAnything uses the camera to capture objects and create 3D models.";
				INFOPLIST_KEY_UIApplicationSceneManifest_Generation = YES;
				INFOPLIST_KEY_UILaunchScreen_Generation = YES;
				INFOPLIST_KEY_UIStatusBarStyle = UIStatusBarStyleLightContent;
				INFOPLIST_KEY_UISupportedInterfaceOrientations = UIInterfaceOrientationPortrait;
				INFOPLIST_KEY_UISupportedInterfaceOrientations_iPad = "UIInterfaceOrientationPortrait UIInterfaceOrientationPortraitUpsideDown UIInterfaceOrientationLandscapeLeft UIInterfaceOrientationLandscapeRight";
				LD_RUNPATH_SEARCH_PATHS = (
					"$(inherited)",
					"@executable_path/Frameworks",
				);
				MARKETING_VERSION = 0.1;
				PRODUCT_BUNDLE_IDENTIFIER = com.nightvibes33.scananything;
				PRODUCT_NAME = "$(TARGET_NAME)";
				SWIFT_EMIT_LOC_STRINGS = YES;
				SWIFT_VERSION = 6.0;
				TARGETED_DEVICE_FAMILY = 1;
			};
			name = Release;
		};
		TESTDEBUG /* Debug */ = {
			isa = XCBuildConfiguration;
			buildSettings = {
				BUNDLE_LOADER = "$(TEST_HOST)";
				CODE_SIGN_STYLE = Automatic;
				GENERATE_INFOPLIST_FILE = YES;
				IPHONEOS_DEPLOYMENT_TARGET = 18.0;
				LD_RUNPATH_SEARCH_PATHS = (
					"$(inherited)",
					"@executable_path/Frameworks",
					"@loader_path/Frameworks",
				);
				PRODUCT_BUNDLE_IDENTIFIER = com.nightvibes33.scananything.tests;
				PRODUCT_NAME = "$(TARGET_NAME)";
				SDKROOT = iphoneos;
				SWIFT_VERSION = 6.0;
				TARGETED_DEVICE_FAMILY = 1;
				TEST_HOST = "$(BUILT_PRODUCTS_DIR)/ScanAnything.app/$(BUNDLE_EXECUTABLE_FOLDER_PATH)/ScanAnything";
			};
			name = Debug;
		};
		TESTRELEASE /* Release */ = {
			isa = XCBuildConfiguration;
			buildSettings = {
				BUNDLE_LOADER = "$(TEST_HOST)";
				CODE_SIGN_STYLE = Automatic;
				GENERATE_INFOPLIST_FILE = YES;
				IPHONEOS_DEPLOYMENT_TARGET = 18.0;
				LD_RUNPATH_SEARCH_PATHS = (
					"$(inherited)",
					"@executable_path/Frameworks",
					"@loader_path/Frameworks",
				);
				PRODUCT_BUNDLE_IDENTIFIER = com.nightvibes33.scananything.tests;
				PRODUCT_NAME = "$(TARGET_NAME)";
				SDKROOT = iphoneos;
				SWIFT_VERSION = 6.0;
				TARGETED_DEVICE_FAMILY = 1;
				TEST_HOST = "$(BUILT_PRODUCTS_DIR)/ScanAnything.app/$(BUNDLE_EXECUTABLE_FOLDER_PATH)/ScanAnything";
			};
			name = Release;
		};
/* End XCBuildConfiguration section */

/* Begin XCConfigurationList section */
		PRJCONFIGLIST /* Build configuration list for PBXProject "ScanAnything" */ = {
			isa = XCConfigurationList;
			buildConfigurations = (
				PRJDEBUG /* Debug */,
				PRJRELEASE /* Release */,
			);
			defaultConfigurationIsVisible = 0;
			defaultConfigurationName = Release;
		};
		TGTCONFIGLIST /* Build configuration list for PBXNativeTarget "ScanAnything" */ = {
			isa = XCConfigurationList;
			buildConfigurations = (
				TGTDEBUG /* Debug */,
				TGTRELEASE /* Release */,
			);
			defaultConfigurationIsVisible = 0;
			defaultConfigurationName = Release;
		};
		TESTCONFIGLIST /* Build configuration list for PBXNativeTarget "ScanAnythingTests" */ = {
			isa = XCConfigurationList;
			buildConfigurations = (
				TESTDEBUG /* Debug */,
				TESTRELEASE /* Release */,
			);
			defaultConfigurationIsVisible = 0;
			defaultConfigurationName = Debug;
		};
/* End XCConfigurationList section */
	};
	rootObject = PROJECTOBJ /* Project object */;
}
